
Microsoft Visual Studio Solution File, Format Version 12.00
# Visual Studio 15
VisualStudioVersion = 15.0.26730.16
MinimumVisualStudioVersion = 10.0.40219.1
Project("{FAE04EC0-301F-11D3-BF4B-00C04F79EFBC}") = "Charltone.Data", "Charltone.Data\Charltone.Data.csproj", "{E17ACB77-42C8-4398-B542-9C5869AD2A3A}"
EndProject
Project("{FAE04EC0-301F-11D3-BF4B-00C04F79EFBC}") = "Charltone.Domain", "Charltone.Domain\Charltone.Domain.csproj", "{223FB3E1-10BB-4E63-8731-AA8F573A1B74}"
EndProject
Project("{FAE04EC0-301F-11D3-BF4B-00C04F79EFBC}") = "Charltone.UI", "Charltone.UI\Charltone.UI.csproj", "{4A4B3729-8D04-4F3B-A562-449696A62C51}"
EndProject
Global
	GlobalSection(SolutionConfigurationPlatforms) = preSolution
		Debug|Any CPU = Debug|Any CPU
		DEV|Any CPU = DEV|Any CPU
		PROD|Any CPU = PROD|Any CPU
		QA|Any CPU = QA|Any CPU
		Release|Any CPU = Release|Any CPU
		ReleaseTest|Any CPU = ReleaseTest|Any CPU
	EndGlobalSection
	GlobalSection(ProjectConfigurationPlatforms) = postSolution
		{E17ACB77-42C8-4398-B542-9C5869AD2A3A}.Debug|Any CPU.ActiveCfg = Debug|Any CPU
		{E17ACB77-42C8-4398-B542-9C5869AD2A3A}.Debug|Any CPU.Build.0 = Debug|Any CPU
		{E17ACB77-42C8-4398-B542-9C5869AD2A3A}.DEV|Any CPU.ActiveCfg = DEV|Any CPU
		{E17ACB77-42C8-4398-B542-9C5869AD2A3A}.DEV|Any CPU.Build.0 = DEV|Any CPU
		{E17ACB77-42C8-4398-B542-9C5869AD2A3A}.PROD|Any CPU.ActiveCfg = PROD|Any CPU
		{E17ACB77-42C8-4398-B542-9C5869AD2A3A}.PROD|Any CPU.Build.0 = PROD|Any CPU
		{E17ACB77-42C8-4398-B542-9C5869AD2A3A}.QA|Any CPU.ActiveCfg = QA|Any CPU
		{E17ACB77-42C8-4398-B542-9C5869AD2A3A}.QA|Any CPU.Build.0 = QA|Any CPU
		{E17ACB77-42C8-4398-B542-9C5869AD2A3A}.Release|Any CPU.ActiveCfg = Release|Any CPU
		{E17ACB77-42C8-4398-B542-9C5869AD2A3A}.Release|Any CPU.Build.0 = Release|Any CPU
		{E17ACB77-42C8-4398-B542-9C5869AD2A3A}.ReleaseTest|Any CPU.ActiveCfg = Release|Any CPU
		{E17ACB77-42C8-4398-B542-9C5869AD2A3A}.ReleaseTest|Any CPU.Build.0 = Release|Any CPU
		{223FB3E1-10BB-4E63-8731-AA8F573A1B74}.Debug|Any CPU.ActiveCfg = Debug|Any CPU
		{223FB3E1-10BB-4E63-8731-AA8F573A1B74}.Debug|Any CPU.Build.0 = Debug|Any CPU
		{223FB3E1-10BB-4E63-8731-AA8F573A1B74}.DEV|Any CPU.ActiveCfg = Debug|Any CPU
		{223FB3E1-10BB-4E63-8731-AA8F573A1B74}.DEV|Any CPU.Build.0 = Debug|Any CPU
		{223FB3E1-10BB-4E63-8731-AA8F573A1B74}.PROD|Any CPU.ActiveCfg = Release|Any CPU
		{223FB3E1-10BB-4E63-8731-AA8F573A1B74}.PROD|Any CPU.Build.0 = Release|Any CPU
		{223FB3E1-10BB-4E63-8731-AA8F573A1B74}.QA|Any CPU.ActiveCfg = Release|Any CPU
		{223FB3E1-10BB-4E63-8731-AA8F573A1B74}.QA|Any CPU.Build.0 = Release|Any CPU
		{223FB3E1-10BB-4E63-8731-AA8F573A1B74}.Release|Any CPU.ActiveCfg = Release|Any CPU
		{223FB3E1-10BB-4E63-8731-AA8F573A1B74}.Release|Any CPU.Build.0 = Release|Any CPU
		{223FB3E1-10BB-4E63-8731-AA8F573A1B74}.ReleaseTest|Any CPU.ActiveCfg = Release|Any CPU
		{223FB3E1-10BB-4E63-8731-AA8F573A1B74}.ReleaseTest|Any CPU.Build.0 = Release|Any CPU
		{4A4B3729-8D04-4F3B-A562-449696A62C51}.Debug|Any CPU.ActiveCfg = Debug|Any CPU
		{4A4B3729-8D04-4F3B-A562-449696A62C51}.Debug|Any CPU.Build.0 = Debug|Any CPU
		{4A4B3729-8D04-4F3B-A562-449696A62C51}.DEV|Any CPU.ActiveCfg = Debug|Any CPU
		{4A4B3729-8D04-4F3B-A562-449696A62C51}.DEV|Any CPU.Build.0 = Debug|Any CPU
		{4A4B3729-8D04-4F3B-A562-449696A62C51}.PROD|Any CPU.ActiveCfg = Release|Any CPU
		{4A4B3729-8D04-4F3B-A562-449696A62C51}.PROD|Any CPU.Build.0 = Release|Any CPU
		{4A4B3729-8D04-4F3B-A562-449696A62C51}.QA|Any CPU.ActiveCfg = Release|Any CPU
		{4A4B3729-8D04-4F3B-A562-449696A62C51}.QA|Any CPU.Build.0 = Release|Any CPU
		{4A4B3729-8D04-4F3B-A562-449696A62C51}.Release|Any CPU.ActiveCfg = Release|Any CPU
		{4A4B3729-8D04-4F3B-A562-449696A62C51}.Release|Any CPU.Build.0 = Release|Any CPU
		{4A4B3729-8D04-4F3B-A562-449696A62C51}.ReleaseTest|Any CPU.ActiveCfg = ReleaseTest|Any CPU
		{4A4B3729-8D04-4F3B-A562-449696A62C51}.ReleaseTest|Any CPU.Build.0 = ReleaseTest|Any CPU
	EndGlobalSection
	GlobalSection(SolutionProperties) = preSolution
		HideSolutionNode = FALSE
	EndGlobalSection
	GlobalSection(ExtensibilityGlobals) = postSolution
		LessCompiler = 4a4b3729-8d04-4f3b-a562-449696a62c51
		SolutionGuid = {5155E06A-9FB4-4569-A576-24B194F4253B}
	EndGlobalSection
EndGlobal
